
Microsoft Visual Studio Solution File, Format Version 12.00
# Visual Studio Version 16
VisualStudioVersion = 16.0.31727.386
MinimumVisualStudioVersion = 10.0.40219.1
Project("{FAE04EC0-301F-11D3-BF4B-00C04F79EFBC}") = "GreenvilleRevenue1101", "GreenvilleRevenue1101\GreenvilleRevenue1101.csproj", "{8F33484F-1E2B-4E23-BDFA-298AC7FB7492}"
EndProject
Global
	GlobalSection(SolutionConfigurationPlatforms) = preSolution
		Debug|Any CPU = Debug|Any CPU
		Release|Any CPU = Release|Any CPU
	EndGlobalSection
	GlobalSection(ProjectConfigurationPlatforms) = postSolution
		{8F33484F-1E2B-4E23-BDFA-298AC7FB7492}.Debug|Any CPU.ActiveCfg = Debug|Any CPU
		{8F33484F-1E2B-4E23-BDFA-298AC7FB7492}.Debug|Any CPU.Build.0 = Debug|Any CPU
		{8F33484F-1E2B-4E23-BDFA-298AC7FB7492}.Release|Any CPU.ActiveCfg = Release|Any CPU
		{8F33484F-1E2B-4E23-BDFA-298AC7FB7492}.Release|Any CPU.Build.0 = Release|Any CPU
	EndGlobalSection
	GlobalSection(SolutionProperties) = preSolution
		HideSolutionNode = FALSE
	EndGlobalSection
	GlobalSection(ExtensibilityGlobals) = postSolution
		SolutionGuid = {F93C2071-85F9-427B-A9B5-7D889BE48447}
	EndGlobalSection
EndGlobal
